
Microsoft Visual Studio Solution File, Format Version 12.00
# Visual Studio Version 17
VisualStudioVersion = 17.10.35122.118
MinimumVisualStudioVersion = 10.0.40219.1
Project("{FAE04EC0-301F-11D3-BF4B-00C04F79EFBC}") = "JazFinanzasApp.API", "JazFinanzasApp.API\JazFinanzasApp.API.csproj", "{77420960-30E4-4E18-BF85-A5817310ABCD}"
EndProject
Global
	GlobalSection(SolutionConfigurationPlatforms) = preSolution
		Debug|Any CPU = Debug|Any CPU
		Release|Any CPU = Release|Any CPU
	EndGlobalSection
	GlobalSection(ProjectConfigurationPlatforms) = postSolution
		{77420960-30E4-4E18-BF85-A5817310ABCD}.Debug|Any CPU.ActiveCfg = Debug|Any CPU
		{77420960-30E4-4E18-BF85-A5817310ABCD}.Debug|Any CPU.Build.0 = Debug|Any CPU
		{77420960-30E4-4E18-BF85-A5817310ABCD}.Release|Any CPU.ActiveCfg = Release|Any CPU
		{77420960-30E4-4E18-BF85-A5817310ABCD}.Release|Any CPU.Build.0 = Release|Any CPU
	EndGlobalSection
	GlobalSection(SolutionProperties) = preSolution
		HideSolutionNode = FALSE
	EndGlobalSection
	GlobalSection(ExtensibilityGlobals) = postSolution
		SolutionGuid = {E0FC3235-EFE9-476A-A286-47D1DA2D6FD2}
	EndGlobalSection
EndGlobal
